{
    "requires": true,
    "lockfileVersion": 1,
    "dependencies": {
        "ccxt": {
            "version": "1.0.1",
            "resolved": "http://registry.npm.taobao.org/ccxt/download/ccxt-1.0.1.tgz",
            "integrity": "sha1-NDAzyJlUsHp4iXDtgTkCjEKMcw4=",
            "requires": {
                "crypto": "1.0.1",
                "node-fetch": "2.1.2"
            }
        },
        "crypto": {
            "version": "1.0.1",
            "resolved": "http://registry.npm.taobao.org/crypto/download/crypto-1.0.1.tgz",
            "integrity": "sha1-KvG3ytgXXSTIobB3glV5SiGAMDc="
        },
        "node-fetch": {
            "version": "2.1.2",
            "resolved": "http://registry.npm.taobao.org/node-fetch/download/node-fetch-2.1.2.tgz",
            "integrity": "sha1-q4hOjn5X44qUR1POxwb3iNF2i7U="
        }
    }
}
